version = 1
revision = 1
requires-python = ">=3.12"

[[package]]
name = "pygame"
version = "2.6.1"
source = { registry = "https://pypi.org/simple" }
sdist = { url = "https://files.pythonhosted.org/packages/49/cc/08bba60f00541f62aaa252ce0cfbd60aebd04616c0b9574f755b583e45ae/pygame-2.6.1.tar.gz", hash = "sha256:56fb02ead529cee00d415c3e007f75e0780c655909aaa8e8bf616ee09c9feb1f", size = 14808125 }
wheels = [
    { url = "https://files.pythonhosted.org/packages/92/16/2c602c332f45ff9526d61f6bd764db5096ff9035433e2172e2d2cadae8db/pygame-2.6.1-cp312-cp312-macosx_10_9_x86_64.whl", hash = "sha256:4ee7f2771f588c966fa2fa8b829be26698c9b4836f82ede5e4edc1a68594942e", size = 13118279 },
    { url = "https://files.pythonhosted.org/packages/cd/53/77ccbc384b251c6e34bfd2e734c638233922449a7844e3c7a11ef91cee39/pygame-2.6.1-cp312-cp312-macosx_11_0_arm64.whl", hash = "sha256:c8040ea2ab18c6b255af706ec01355c8a6b08dc48d77fd4ee783f8fc46a843bf", size = 12384524 },
    { url = "https://files.pythonhosted.org/packages/06/be/3ed337583f010696c3b3435e89a74fb29d0c74d0931e8f33c0a4246307a9/pygame-2.6.1-cp312-cp312-manylinux_2_17_aarch64.manylinux2014_aarch64.whl", hash = "sha256:c47a6938de93fa610accd4969e638c2aebcb29b2fca518a84c3a39d91ab47116", size = 13587123 },
    { url = "https://files.pythonhosted.org/packages/fd/ca/b015586a450db59313535662991b34d24c1f0c0dc149cc5f496573900f4e/pygame-2.6.1-cp312-cp312-manylinux_2_17_i686.manylinux2014_i686.whl", hash = "sha256:33006f784e1c7d7e466fcb61d5489da59cc5f7eb098712f792a225df1d4e229d", size = 14275532 },
    { url = "https://files.pythonhosted.org/packages/b9/f2/d31e6ad42d657af07be2ffd779190353f759a07b51232b9e1d724f2cda46/pygame-2.6.1-cp312-cp312-manylinux_2_17_x86_64.manylinux2014_x86_64.whl", hash = "sha256:1206125f14cae22c44565c9d333607f1d9f59487b1f1432945dfc809aeaa3e88", size = 13952653 },
    { url = "https://files.pythonhosted.org/packages/f3/42/8ea2a6979e6fa971702fece1747e862e2256d4a8558fe0da6364dd946c53/pygame-2.6.1-cp312-cp312-win32.whl", hash = "sha256:84fc4054e25262140d09d39e094f6880d730199710829902f0d8ceae0213379e", size = 10252421 },
    { url = "https://files.pythonhosted.org/packages/5f/90/7d766d54bb95939725e9a9361f9c06b0cfbe3fe100aa35400f0a461a278a/pygame-2.6.1-cp312-cp312-win_amd64.whl", hash = "sha256:3a9e7396be0d9633831c3f8d5d82dd63ba373ad65599628294b7a4f8a5a01a65", size = 10624591 },
    { url = "https://files.pythonhosted.org/packages/e1/91/718acf3e2a9d08a6ddcc96bd02a6f63c99ee7ba14afeaff2a51c987df0b9/pygame-2.6.1-cp313-cp313-macosx_10_13_x86_64.whl", hash = "sha256:ae6039f3a55d800db80e8010f387557b528d34d534435e0871326804df2a62f2", size = 13090765 },
    { url = "https://files.pythonhosted.org/packages/0e/c6/9cb315de851a7682d9c7568a41ea042ee98d668cb8deadc1dafcab6116f0/pygame-2.6.1-cp313-cp313-macosx_11_0_arm64.whl", hash = "sha256:2a3a1288e2e9b1e5834e425bedd5ba01a3cd4902b5c2bff8ed4a740ccfe98171", size = 12381704 },
    { url = "https://files.pythonhosted.org/packages/9f/8f/617a1196e31ae3b46be6949fbaa95b8c93ce15e0544266198c2266cc1b4d/pygame-2.6.1-cp313-cp313-manylinux_2_17_aarch64.manylinux2014_aarch64.whl", hash = "sha256:27eb17e3dc9640e4b4683074f1890e2e879827447770470c2aba9f125f74510b", size = 13581091 },
    { url = "https://files.pythonhosted.org/packages/3b/87/2851a564e40a2dad353f1c6e143465d445dab18a95281f9ea458b94f3608/pygame-2.6.1-cp313-cp313-manylinux_2_17_i686.manylinux2014_i686.whl", hash = "sha256:4c1623180e70a03c4a734deb9bac50fc9c82942ae84a3a220779062128e75f3b", size = 14273844 },
    { url = "https://files.pythonhosted.org/packages/85/b5/aa23aa2e70bcba42c989c02e7228273c30f3b44b9b264abb93eaeff43ad7/pygame-2.6.1-cp313-cp313-manylinux_2_17_x86_64.manylinux2014_x86_64.whl", hash = "sha256:ef07c0103d79492c21fced9ad68c11c32efa6801ca1920ebfd0f15fb46c78b1c", size = 13951197 },
    { url = "https://files.pythonhosted.org/packages/a6/06/29e939b34d3f1354738c7d201c51c250ad7abefefaf6f8332d962ff67c4b/pygame-2.6.1-cp313-cp313-win32.whl", hash = "sha256:3acd8c009317190c2bfd81db681ecef47d5eb108c2151d09596d9c7ea9df5c0e", size = 10249309 },
    { url = "https://files.pythonhosted.org/packages/7e/11/17f7f319ca91824b86557e9303e3b7a71991ef17fd45286bf47d7f0a38e6/pygame-2.6.1-cp313-cp313-win_amd64.whl", hash = "sha256:813af4fba5d0b2cb8e58f5d95f7910295c34067dcc290d34f1be59c48bd1ea6a", size = 10620084 },
]

[[package]]
name = "pyopengl"
version = "3.1.10"
source = { registry = "https://pypi.org/simple" }
sdist = { url = "https://files.pythonhosted.org/packages/6f/16/912b7225d56284859cd9a672827f18be43f8012f8b7b932bc4bd959a298e/pyopengl-3.1.10.tar.gz", hash = "sha256:c4a02d6866b54eb119c8e9b3fb04fa835a95ab802dd96607ab4cdb0012df8335", size = 1915580 }
wheels = [
    { url = "https://files.pythonhosted.org/packages/de/e4/1ba6f44e491c4eece978685230dde56b14d51a0365bc1b774ddaa94d14cd/pyopengl-3.1.10-py3-none-any.whl", hash = "sha256:794a943daced39300879e4e47bd94525280685f42dbb5a998d336cfff151d74f", size = 3194996 },
]

[[package]]
name = "pyopengl-accelerate"
version = "3.1.10"
source = { registry = "https://pypi.org/simple" }
sdist = { url = "https://files.pythonhosted.org/packages/6d/49/dffa946f07e84eb4666d7fb5553a1d569d54405c863ff7a19b71758712f6/pyopengl_accelerate-3.1.10.tar.gz", hash = "sha256:82751c83f0a6f732b8b5923990edc2441d38176a98756b1718e8d6c4379f5a71", size = 21930 }
wheels = [
    { url = "https://files.pythonhosted.org/packages/4c/6b/ba5b6aeff08ef764f9625f092fef27aab07279fbffe0ec50c60359020b6e/pyopengl_accelerate-3.1.10-cp312-cp312-macosx_11_0_arm64.whl", hash = "sha256:a0adc05a0585f98128dcfea80bca5fd016336a6f571a372721dc8e0406b12c2e", size = 424760 },
    { url = "https://files.pythonhosted.org/packages/a4/3d/8a6dde7092eeba0ddb0d75359e2cc1c7b61947b6f73da0bb73ac7ef9e997/pyopengl_accelerate-3.1.10-cp312-cp312-manylinux2014_x86_64.manylinux_2_17_x86_64.manylinux_2_28_x86_64.whl", hash = "sha256:3282e7edd22d7126a3874c08ebcb146122031d0cea774c52f872ae56aaf17f39", size = 3279849 },
    { url = "https://files.pythonhosted.org/packages/50/4f/b4de3294248fcf0739356cc3730fb651b2106ddbe05fc528307df4331955/pyopengl_accelerate-3.1.10-cp312-cp312-musllinux_1_2_x86_64.whl", hash = "sha256:7366b6be51aca799d6b4bfbe6a5e9e6e4b0968956d0920676498e6ac2b9ce028", size = 3140923 },
    { url = "https://files.pythonhosted.org/packages/2a/03/913312996a6345fec9436dc57069ac8c8bc31e306d3fba9e4825fc04ece2/pyopengl_accelerate-3.1.10-cp312-cp312-win32.whl", hash = "sha256:f014f2f5a0d68c751ad31c89805c043a08c423a8d6d5e7be620f6d819c6fa971", size = 328551 },
    { url = "https://files.pythonhosted.org/packages/fe/1f/6e839b7ba4823c34f762d3f3e9e8f8405bd3e210314b60df862e030ad8ad/pyopengl_accelerate-3.1.10-cp312-cp312-win_amd64.whl", hash = "sha256:6fa0963d686462dc3a03d10123af385f012001c8b020e908774df29741136bd5", size = 389822 },
    { url = "https://files.pythonhosted.org/packages/71/52/54b93275b76ea2beed7ffbf7e2e2392254c6f5927c438a2db9b972aec255/pyopengl_accelerate-3.1.10-cp313-cp313-macosx_11_0_arm64.whl", hash = "sha256:bec9014f702997578b5e797d81b3e041cc5b41f0457c0184473f867c38d52665", size = 413558 },
    { url = "https://files.pythonhosted.org/packages/32/08/a491f4c74e53d22189e1aa9049b51ec44ed993e596d41c85d1732cd33ea2/pyopengl_accelerate-3.1.10-cp313-cp313-manylinux2014_x86_64.manylinux_2_17_x86_64.manylinux_2_28_x86_64.whl", hash = "sha256:171e22f7d5055479b0bd7f98192525f8890af4bf19765bea7e860885cbce622e", size = 3139831 },
    { url = "https://files.pythonhosted.org/packages/d6/56/ffdf6adff65022d4df844100d6510c26def358b012c25766983f402b35ff/pyopengl_accelerate-3.1.10-cp313-cp313-musllinux_1_2_x86_64.whl", hash = "sha256:5eea15130bc248ca83dce31736afb190c21a0186aa02cefdf4019bc0f3f857f1", size = 3000578 },
    { url = "https://files.pythonhosted.org/packages/6b/a1/6c7a6da865e07665f196ce3a443ed5d6ebd297f459bfa61288a577abaef9/pyopengl_accelerate-3.1.10-cp313-cp313-win32.whl", hash = "sha256:2354d2a2eb1266c984f061148460b2cb02146e90bd501b984d03bcc34f48b8d8", size = 325101 },
    { url = "https://files.pythonhosted.org/packages/7c/d4/93cd104a967dca51cf8ee2edf18bea2b697e9d87ece0beaa6f3ca5f5515d/pyopengl_accelerate-3.1.10-cp313-cp313-win_amd64.whl", hash = "sha256:551a46e907ea24884b6795b290b3b3b0618d217d38cf7cae9c825641375a74fe", size = 385238 },
    { url = "https://files.pythonhosted.org/packages/ae/8d/f86cb315b34fdc670c747b5041bec468258bbda55f9809f004dcbf3ff0fe/pyopengl_accelerate-3.1.10-cp314-cp314-macosx_11_0_arm64.whl", hash = "sha256:415b6ddceaa6a3fed699f1e7a6aac0de6f37e5ae19349c4ed3a7c38e17a8e09e", size = 416781 },
    { url = "https://files.pythonhosted.org/packages/5e/14/215c66da71a065734217ea53d884c5c008a35757d5d17f667799cdee8fbc/pyopengl_accelerate-3.1.10-cp314-cp314-manylinux2014_x86_64.manylinux_2_17_x86_64.manylinux_2_28_x86_64.whl", hash = "sha256:d6b8aabfb227ad579f3dfabe8f0e9909026d1af540baf6405b38efa4f10fb9eb", size = 3090132 },
    { url = "https://files.pythonhosted.org/packages/20/7e/3a4fa502e6e1531af3a89b736a001886f2c2a88f83fc44b853ef177beb89/pyopengl_accelerate-3.1.10-cp314-cp314-musllinux_1_2_x86_64.whl", hash = "sha256:3d521cd41a4e62c38ec315770049dfc5c4b25e5c1debd4038cfbf75e05022f7c", size = 2963250 },
    { url = "https://files.pythonhosted.org/packages/29/64/2216644cd1d58771634ec7decbfe973f3eb6ac545224181efaaf30b15197/pyopengl_accelerate-3.1.10-cp314-cp314-win32.whl", hash = "sha256:fce5e6015ba2db99f0ebb07e4cd98ca4e70b419f186ea042cb70379228c1a339", size = 334199 },
    { url = "https://files.pythonhosted.org/packages/04/f0/da152261f49e248b1530460367ee35fcc78c0878685fc07b39a6f53223d4/pyopengl_accelerate-3.1.10-cp314-cp314-win_amd64.whl", hash = "sha256:081b6b0f39f35f750ddf60fc865556e6d01481eb818ce1482f79cfde2abe598b", size = 394806 },
    { url = "https://files.pythonhosted.org/packages/b0/25/7516f1fdeba4d13da3941b198a368cf72d6d17f9bcc48d76476f75973866/pyopengl_accelerate-3.1.10-cp314-cp314t-macosx_11_0_arm64.whl", hash = "sha256:a35503ee877b35264172903eb6c8110b021531090a4647a81252f52a68757d4d", size = 462905 },
    { url = "https://files.pythonhosted.org/packages/9b/72/d8bcd7a2264098dfe36ac15dfded7a8a513d56e4e6adfc9e651fd17cccb1/pyopengl_accelerate-3.1.10-cp314-cp314t-manylinux2014_x86_64.manylinux_2_17_x86_64.manylinux_2_28_x86_64.whl", hash = "sha256:db2005912defa77a1e7390024d52b295c85a1c7ebd85ba073f1839d4bfffe855", size = 3379961 },
    { url = "https://files.pythonhosted.org/packages/17/a7/e74bf3a52d7e97f92e8a3cdd7edba7f50c6053536f54a7124772fcbbcf62/pyopengl_accelerate-3.1.10-cp314-cp314t-musllinux_1_2_x86_64.whl", hash = "sha256:fcf6827b1fff244ca6953068c17285b9eae173a20fccc1d9c193779f71b88d0f", size = 3254293 },
    { url = "https://files.pythonhosted.org/packages/fa/e4/c840324bab4efed955f258422a88a621e7462cafd627b3d2c9d314d4279d/pyopengl_accelerate-3.1.10-cp314-cp314t-win32.whl", hash = "sha256:e55ea6a85894ad74d6f09953e3d359fe27def9fed220588787993e49e42db1d0", size = 408410 },
    { url = "https://files.pythonhosted.org/packages/87/97/6312caecc721cf4e4fdac2a156dc57e403e3d9a17553d72e86653cbc92ef/pyopengl_accelerate-3.1.10-cp314-cp314t-win_amd64.whl", hash = "sha256:a2866cb65c45b013c2bf9995010824cc1b50ae91a4166746beb9ce241803e62a", size = 484776 },
]

[[package]]
name = "uss-yamaguchi"
version = "0.1.0"
source = { virtual = "." }
dependencies = [
    { name = "pygame" },
    { name = "pyopengl" },
    { name = "pyopengl-accelerate" },
]

[package.metadata]
requires-dist = [
    { name = "pygame", specifier = ">=2.6.1" },
    { name = "pyopengl", specifier = ">=3.1.10" },
    { name = "pyopengl-accelerate", specifier = ">=3.1.10" },
]
